
Microsoft Visual Studio Solution File, Format Version 12.00
# Visual Studio 2012
Project("{FAE04EC0-301F-11D3-BF4B-00C04F79EFBC}") = "SkeletonBasics-WPF", "SkeletonBasics-WPF.csproj", "{8121846D-923E-4BB0-8647-30DA753D156E}"
	ProjectSection(ProjectDependencies) = postProject
		{1BCF9CEE-DF01-430E-B49D-41A9A88963EB} = {1BCF9CEE-DF01-430E-B49D-41A9A88963EB}
	EndProjectSection
EndProject
Project("{FAE04EC0-301F-11D3-BF4B-00C04F79EFBC}") = "Microsoft.Kinect.Toolkit.FaceTracking", "Libs\Microsoft.Kinect.Toolkit.FaceTracking\Microsoft.Kinect.Toolkit.FaceTracking.csproj", "{1BCF9CEE-DF01-430E-B49D-41A9A88963EB}"
EndProject
Global
	GlobalSection(SolutionConfigurationPlatforms) = preSolution
		Debug|Any CPU = Debug|Any CPU
		Debug|Mixed Platforms = Debug|Mixed Platforms
		Debug|Win32 = Debug|Win32
		Debug|x64 = Debug|x64
		Release|Any CPU = Release|Any CPU
		Release|Mixed Platforms = Release|Mixed Platforms
		Release|Win32 = Release|Win32
		Release|x64 = Release|x64
	EndGlobalSection
	GlobalSection(ProjectConfigurationPlatforms) = postSolution
		{8121846D-923E-4BB0-8647-30DA753D156E}.Debug|Any CPU.ActiveCfg = Debug|Any CPU
		{8121846D-923E-4BB0-8647-30DA753D156E}.Debug|Any CPU.Build.0 = Debug|Any CPU
		{8121846D-923E-4BB0-8647-30DA753D156E}.Debug|Mixed Platforms.ActiveCfg = Debug|Any CPU
		{8121846D-923E-4BB0-8647-30DA753D156E}.Debug|Mixed Platforms.Build.0 = Debug|Any CPU
		{8121846D-923E-4BB0-8647-30DA753D156E}.Debug|Win32.ActiveCfg = Debug|Any CPU
		{8121846D-923E-4BB0-8647-30DA753D156E}.Debug|x64.ActiveCfg = Debug|Any CPU
		{8121846D-923E-4BB0-8647-30DA753D156E}.Release|Any CPU.ActiveCfg = Release|Any CPU
		{8121846D-923E-4BB0-8647-30DA753D156E}.Release|Any CPU.Build.0 = Release|Any CPU
		{8121846D-923E-4BB0-8647-30DA753D156E}.Release|Mixed Platforms.ActiveCfg = Release|Any CPU
		{8121846D-923E-4BB0-8647-30DA753D156E}.Release|Mixed Platforms.Build.0 = Release|Any CPU
		{8121846D-923E-4BB0-8647-30DA753D156E}.Release|Win32.ActiveCfg = Release|Any CPU
		{8121846D-923E-4BB0-8647-30DA753D156E}.Release|x64.ActiveCfg = Release|Any CPU
		{1BCF9CEE-DF01-430E-B49D-41A9A88963EB}.Debug|Any CPU.ActiveCfg = Debug|Win32
		{1BCF9CEE-DF01-430E-B49D-41A9A88963EB}.Debug|Mixed Platforms.ActiveCfg = Debug|Win32
		{1BCF9CEE-DF01-430E-B49D-41A9A88963EB}.Debug|Mixed Platforms.Build.0 = Debug|Win32
		{1BCF9CEE-DF01-430E-B49D-41A9A88963EB}.Debug|Win32.ActiveCfg = Debug|Win32
		{1BCF9CEE-DF01-430E-B49D-41A9A88963EB}.Debug|Win32.Build.0 = Debug|Win32
		{1BCF9CEE-DF01-430E-B49D-41A9A88963EB}.Debug|x64.ActiveCfg = Debug|x64
		{1BCF9CEE-DF01-430E-B49D-41A9A88963EB}.Debug|x64.Build.0 = Debug|x64
		{1BCF9CEE-DF01-430E-B49D-41A9A88963EB}.Release|Any CPU.ActiveCfg = Release|Win32
		{1BCF9CEE-DF01-430E-B49D-41A9A88963EB}.Release|Mixed Platforms.ActiveCfg = Release|Win32
		{1BCF9CEE-DF01-430E-B49D-41A9A88963EB}.Release|Mixed Platforms.Build.0 = Release|Win32
		{1BCF9CEE-DF01-430E-B49D-41A9A88963EB}.Release|Win32.ActiveCfg = Release|Win32
		{1BCF9CEE-DF01-430E-B49D-41A9A88963EB}.Release|Win32.Build.0 = Release|Win32
		{1BCF9CEE-DF01-430E-B49D-41A9A88963EB}.Release|x64.ActiveCfg = Release|x64
		{1BCF9CEE-DF01-430E-B49D-41A9A88963EB}.Release|x64.Build.0 = Release|x64
	EndGlobalSection
	GlobalSection(SolutionProperties) = preSolution
		HideSolutionNode = FALSE
	EndGlobalSection
	GlobalSection(Performance) = preSolution
		HasPerformanceSessions = true
	EndGlobalSection
EndGlobal
